annotated-doc==0.0.4
annotated-types==0.7.0
anyio==4.14.1
asyncpg==0.31.0
certifi==2026.6.17
charset-normalizer==3.4.9
click==8.4.2
fastapi==0.138.1
h11==0.16.0
httpcore==1.0.9
httpx==0.28.1
idna==3.18
orjson==3.11.9
pydantic-settings==2.14.2
pydantic==2.13.4
pydantic_core==2.46.4
python-dotenv==1.2.2
regex==2026.7.10
requests==2.34.2
starlette==1.3.1
tiktoken==0.13.0
tzdata==2026.3; platform_system == "Windows"
typing-inspection==0.4.2
typing_extensions==4.15.0
urllib3==2.7.0
uvicorn==0.49.0
websockets==16.0
